
Microsoft Visual Studio Solution File, Format Version 12.00
# Visual Studio 15
VisualStudioVersion = 15.0.27428.2015
MinimumVisualStudioVersion = 10.0.40219.1
Project("{FAE04EC0-301F-11D3-BF4B-00C04F79EFBC}") = "KS0108", "KS0108\KS0108.csproj", "{DE4BAE9C-9AC3-4A4C-B2E2-065097344BC6}"
EndProject
Global
	GlobalSection(SolutionConfigurationPlatforms) = preSolution
		Debug|Any CPU = Debug|Any CPU
		Release|Any CPU = Release|Any CPU
	EndGlobalSection
	GlobalSection(ProjectConfigurationPlatforms) = postSolution
		{DE4BAE9C-9AC3-4A4C-B2E2-065097344BC6}.Debug|Any CPU.ActiveCfg = Debug|Any CPU
		{DE4BAE9C-9AC3-4A4C-B2E2-065097344BC6}.Debug|Any CPU.Build.0 = Debug|Any CPU
		{DE4BAE9C-9AC3-4A4C-B2E2-065097344BC6}.Release|Any CPU.ActiveCfg = Release|Any CPU
		{DE4BAE9C-9AC3-4A4C-B2E2-065097344BC6}.Release|Any CPU.Build.0 = Release|Any CPU
	EndGlobalSection
	GlobalSection(SolutionProperties) = preSolution
		HideSolutionNode = FALSE
	EndGlobalSection
	GlobalSection(ExtensibilityGlobals) = postSolution
		SolutionGuid = {DCF0ED48-2CB1-4D36-91C2-9DB5748BCE77}
	EndGlobalSection
EndGlobal
